
Microsoft Visual Studio Solution File, Format Version 12.00
# Visual Studio Version 16
VisualStudioVersion = 16.0.29006.145
MinimumVisualStudioVersion = 10.0.40219.1
Project("{2150E333-8FDC-42A3-9474-1A3956D46DE8}") = "README", "README", "{F38B7554-1ACE-453D-96A6-5C83D51F3591}"
	ProjectSection(SolutionItems) = preProject
		README.md = README.md
	EndProjectSection
EndProject
Project("{9A19103F-16F7-4668-BE54-9A1E7A4F7556}") = "CssClassInlineBuilder.Test", "CssClassInlineBuilder.Test\CssClassInlineBuilder.Test.csproj", "{85E4629D-F51D-4A32-AF48-8E72FAF215E8}"
EndProject
Project("{9A19103F-16F7-4668-BE54-9A1E7A4F7556}") = "CssClassInlineBuilder", "CssClassInlineBuilder\CssClassInlineBuilder.csproj", "{D852608B-6F03-41A6-BF36-F93E44A2BDC0}"
EndProject
Project("{9A19103F-16F7-4668-BE54-9A1E7A4F7556}") = "SushiGoRound", "SampleSite\SushiGoRound\SushiGoRound.csproj", "{AF6F6D49-7BF3-4C64-818B-1F815281CE5B}"
EndProject
Global
	GlobalSection(SolutionConfigurationPlatforms) = preSolution
		Debug|Any CPU = Debug|Any CPU
		Release|Any CPU = Release|Any CPU
	EndGlobalSection
	GlobalSection(ProjectConfigurationPlatforms) = postSolution
		{85E4629D-F51D-4A32-AF48-8E72FAF215E8}.Debug|Any CPU.ActiveCfg = Debug|Any CPU
		{85E4629D-F51D-4A32-AF48-8E72FAF215E8}.Debug|Any CPU.Build.0 = Debug|Any CPU
		{85E4629D-F51D-4A32-AF48-8E72FAF215E8}.Release|Any CPU.ActiveCfg = Release|Any CPU
		{85E4629D-F51D-4A32-AF48-8E72FAF215E8}.Release|Any CPU.Build.0 = Release|Any CPU
		{D852608B-6F03-41A6-BF36-F93E44A2BDC0}.Debug|Any CPU.ActiveCfg = Debug|Any CPU
		{D852608B-6F03-41A6-BF36-F93E44A2BDC0}.Debug|Any CPU.Build.0 = Debug|Any CPU
		{D852608B-6F03-41A6-BF36-F93E44A2BDC0}.Release|Any CPU.ActiveCfg = Release|Any CPU
		{D852608B-6F03-41A6-BF36-F93E44A2BDC0}.Release|Any CPU.Build.0 = Release|Any CPU
		{AF6F6D49-7BF3-4C64-818B-1F815281CE5B}.Debug|Any CPU.ActiveCfg = Debug|Any CPU
		{AF6F6D49-7BF3-4C64-818B-1F815281CE5B}.Debug|Any CPU.Build.0 = Debug|Any CPU
		{AF6F6D49-7BF3-4C64-818B-1F815281CE5B}.Release|Any CPU.ActiveCfg = Release|Any CPU
		{AF6F6D49-7BF3-4C64-818B-1F815281CE5B}.Release|Any CPU.Build.0 = Release|Any CPU
	EndGlobalSection
	GlobalSection(SolutionProperties) = preSolution
		HideSolutionNode = FALSE
	EndGlobalSection
	GlobalSection(ExtensibilityGlobals) = postSolution
		SolutionGuid = {70B6A2BF-FF38-4959-9FFC-699740875F90}
	EndGlobalSection
EndGlobal
